
Microsoft Visual Studio Solution File, Format Version 12.00
# Visual Studio Version 17
VisualStudioVersion = 17.8.34322.80
MinimumVisualStudioVersion = 10.0.40219.1
Project("{9A19103F-16F7-4668-BE54-9A1E7A4F7556}") = "CollabHub", "CollabHub\CollabHub.csproj", "{EBB5A142-39C0-4D25-AD4E-A71C82F56F71}"
EndProject
Project("{FAE04EC0-301F-11D3-BF4B-00C04F79EFBC}") = "CollabHubTests", "CollabHubTests\CollabHubTests.csproj", "{3E289298-538C-4918-BD1D-366B32BAF1C5}"
EndProject
Global
	GlobalSection(SolutionConfigurationPlatforms) = preSolution
		Debug|Any CPU = Debug|Any CPU
		Release|Any CPU = Release|Any CPU
	EndGlobalSection
	GlobalSection(ProjectConfigurationPlatforms) = postSolution
		{EBB5A142-39C0-4D25-AD4E-A71C82F56F71}.Debug|Any CPU.ActiveCfg = Debug|Any CPU
		{EBB5A142-39C0-4D25-AD4E-A71C82F56F71}.Debug|Any CPU.Build.0 = Debug|Any CPU
		{EBB5A142-39C0-4D25-AD4E-A71C82F56F71}.Release|Any CPU.ActiveCfg = Release|Any CPU
		{EBB5A142-39C0-4D25-AD4E-A71C82F56F71}.Release|Any CPU.Build.0 = Release|Any CPU
		{3E289298-538C-4918-BD1D-366B32BAF1C5}.Debug|Any CPU.ActiveCfg = Debug|Any CPU
		{3E289298-538C-4918-BD1D-366B32BAF1C5}.Debug|Any CPU.Build.0 = Debug|Any CPU
		{3E289298-538C-4918-BD1D-366B32BAF1C5}.Release|Any CPU.ActiveCfg = Release|Any CPU
		{3E289298-538C-4918-BD1D-366B32BAF1C5}.Release|Any CPU.Build.0 = Release|Any CPU
	EndGlobalSection
	GlobalSection(SolutionProperties) = preSolution
		HideSolutionNode = FALSE
	EndGlobalSection
	GlobalSection(ExtensibilityGlobals) = postSolution
		SolutionGuid = {183B8D5F-CBDF-4BD9-9E97-D9F5E4627D39}
	EndGlobalSection
EndGlobal
